GIT
  remote: https://github.com/marouanedahmani27-coder/mygem-fingerprint-1784931559.git
  revision: c572f5810fd0b774ff73697a0b481bb6099a5c7e
  tag: v0.0.19
  specs:
    mygem (0.0.19)

GEM
  remote: https://rubygems.org/
  specs:
    json (2.7.1)

PLATFORMS
  ruby

DEPENDENCIES
  json (= 2.7.1)
  mygem!

BUNDLED WITH
   2.5.6
