GIT
  remote: https://github.com/marouanedahmani27-coder/mygem-fingerprint-1784931559.git
  revision: ff7b36fa8b8bf2464de13ffc89b2127187f95a75
  tag: v0.0.18
  specs:
    mygem (0.0.18)

GEM
  remote: https://rubygems.org/
  specs:
    json (2.7.1)

PLATFORMS
  ruby

DEPENDENCIES
  json (= 2.7.1)
  mygem!

BUNDLED WITH
   2.5.6
